{
  "name": "test-3",
  "version": "1.0.0",
  "lockfileVersion": 1,
  "requires": true,
  "dependencies": {
    "infernal-engine": {
      "version": "1.1.1",
      "resolved": "https://registry.npmjs.org/infernal-engine/-/infernal-engine-1.1.1.tgz",
      "integrity": "sha512-8hdb8Oz8OCMDqpBSPYoOonPFE4TU9d1TahOiV1IsvOj2oPUdr94o8ptWS0utBKtCdN2zsCBotI4SGi5dO9vj7A=="
    }
  }
}
